
Microsoft Visual Studio Solution File, Format Version 12.00
# Visual Studio Version 16
VisualStudioVersion = 16.0.29503.13
MinimumVisualStudioVersion = 10.0.40219.1
Project("{9A19103F-16F7-4668-BE54-9A1E7A4F7556}") = "ErpCodeLibrary", "ErpCodeLibrary\ErpCodeLibrary.csproj", "{100B77DA-8C50-44FB-9059-0C8EC01DA7AB}"
EndProject
Project("{2150E333-8FDC-42A3-9474-1A3956D46DE8}") = "Library.APIControls", "Library.APIControls", "{8C010359-6184-46C9-8359-A7F3EFA9B5B0}"
EndProject
Project("{2150E333-8FDC-42A3-9474-1A3956D46DE8}") = "Library.Com", "Library.Com", "{1F8F9DF3-F87E-4C35-AD2A-328DF582DE4B}"
EndProject
Project("{2150E333-8FDC-42A3-9474-1A3956D46DE8}") = "Library.Dal", "Library.Dal", "{DE5F967F-6BF6-4674-BE7A-94B672EC2D19}"
EndProject
Project("{2150E333-8FDC-42A3-9474-1A3956D46DE8}") = "Library.Models", "Library.Models", "{975B882E-CE6F-4505-AE93-FA3F05AFAAD8}"
EndProject
Project("{9A19103F-16F7-4668-BE54-9A1E7A4F7556}") = "ErpCode.BaseApiController", "ErpCode.BaseApiController\ErpCode.BaseApiController.csproj", "{C9F8A2B7-E0FB-4E51-91B0-34FFBE10036C}"
EndProject
Project("{9A19103F-16F7-4668-BE54-9A1E7A4F7556}") = "ErpCode.Com", "ErpCode.Com\ErpCode.Com.csproj", "{9FA7ADB7-0BE2-4065-9FA0-138519CD121F}"
EndProject
Project("{9A19103F-16F7-4668-BE54-9A1E7A4F7556}") = "Library.Core", "Library.Core\Library.Core.csproj", "{A2CC7976-082D-4700-A798-F2B339E055D8}"
EndProject
Project("{9A19103F-16F7-4668-BE54-9A1E7A4F7556}") = "ErpCode.AppDal", "ErpCodeAppDal\ErpCode.AppDal.csproj", "{2C94ADAF-0861-441C-A6F3-D51A606DFDC0}"
EndProject
Project("{9A19103F-16F7-4668-BE54-9A1E7A4F7556}") = "LibraryBaseDal", "LibBaseDal\LibraryBaseDal.csproj", "{396B5D89-875A-43C8-A042-72C3E70A471B}"
EndProject
Project("{9A19103F-16F7-4668-BE54-9A1E7A4F7556}") = "ErpModels", "ErpModels\ErpModels.csproj", "{C0F82CB8-3143-40A8-BA42-15B7ECEBD854}"
EndProject
Project("{9A19103F-16F7-4668-BE54-9A1E7A4F7556}") = "LibDBContext", "LibDBContext\LibDBContext.csproj", "{962786DE-FB47-443D-A1C3-252BD1B9BF30}"
EndProject
Project("{9A19103F-16F7-4668-BE54-9A1E7A4F7556}") = "ErpCode.comDal", "comDal\ErpCode.comDal.csproj", "{712A269D-91D3-4679-9F70-CD47EE6FA816}"
EndProject
Project("{9A19103F-16F7-4668-BE54-9A1E7A4F7556}") = "ViewModels", "ViewModels\ViewModels.csproj", "{D4A96CEC-128F-42BB-9CCB-C0FA9B0FB8A5}"
EndProject
Project("{9A19103F-16F7-4668-BE54-9A1E7A4F7556}") = "ErpCode.Identity.Server", "ErpCode.Identity.Server\ErpCode.Identity.Server.csproj", "{5A4D6125-7330-4066-AAA4-034674201A4F}"
EndProject
Project("{9A19103F-16F7-4668-BE54-9A1E7A4F7556}") = "ErpCode.AuthorDal", "ErpCode.AuthorDal\ErpCode.AuthorDal.csproj", "{24E29D7C-F54E-47A3-B7F9-16E423C4A8D4}"
EndProject
Project("{9A19103F-16F7-4668-BE54-9A1E7A4F7556}") = "ErpRptModels", "ErpRptModels\ErpRptModels.csproj", "{0FAE2621-B9F9-4DBC-B9A7-759CFF595900}"
EndProject
Project("{2150E333-8FDC-42A3-9474-1A3956D46DE8}") = "WMS.APIControllers", "WMS.APIControllers", "{3B15F7A9-381E-4EF5-84F5-F65928D0D59D}"
EndProject
Project("{2150E333-8FDC-42A3-9474-1A3956D46DE8}") = "WMS.Dal", "WMS.Dal", "{7D739DF4-0455-42C8-8E66-0EAD2A2C75D2}"
EndProject
Project("{2150E333-8FDC-42A3-9474-1A3956D46DE8}") = "Library.SysFunctions", "Library.SysFunctions", "{F338314B-DEF2-4534-A125-DB736CA6889A}"
EndProject
Project("{9A19103F-16F7-4668-BE54-9A1E7A4F7556}") = "Library.SysFuncs", "Library.SysFuncs\Library.SysFuncs.csproj", "{F5E7488F-FD0A-45CF-9E36-DA316498B1F7}"
EndProject
Project("{9A19103F-16F7-4668-BE54-9A1E7A4F7556}") = "CliEncrypt", "CliEncrypt\CliEncrypt.csproj", "{F5FAD2F8-22AA-4070-85E3-EF2394E112C2}"
EndProject
Project("{2150E333-8FDC-42A3-9474-1A3956D46DE8}") = "App.APIControllers", "App.APIControllers", "{1B520A72-204C-46F3-9992-F14FEE005686}"
EndProject
Project("{2150E333-8FDC-42A3-9474-1A3956D46DE8}") = "App.Dal", "App.Dal", "{FC1A3DB9-3D95-4998-9A4B-C2DDB8B9EEDC}"
EndProject
Project("{9A19103F-16F7-4668-BE54-9A1E7A4F7556}") = "WMS.MasterDataController", "Controllers\WMS.MasterDataController\WMS.MasterDataController.csproj", "{21EF288F-6E91-4D88-A488-D33339E47CD9}"
EndProject
Project("{9A19103F-16F7-4668-BE54-9A1E7A4F7556}") = "WMS.RawMaterialCotroller", "Controllers\WMS.RawMaterialCotroller\WMS.RawMaterialCotroller.csproj", "{1A715291-9144-469A-92A5-81919262F6DA}"
EndProject
Project("{9A19103F-16F7-4668-BE54-9A1E7A4F7556}") = "WMS.RawMaterialDal", "Dal\WMS.RawMaterialDal\WMS.RawMaterialDal.csproj", "{515BC2BC-5309-4B50-BCCB-85BB4670F11E}"
EndProject
Project("{9A19103F-16F7-4668-BE54-9A1E7A4F7556}") = "WMS.MasterDataDal", "Dal\WMS.MasterDataDal\WMS.MasterDataDal.csproj", "{BDA0AC50-9BC9-420E-8C76-E2C3D9C0B20B}"
EndProject
Project("{9A19103F-16F7-4668-BE54-9A1E7A4F7556}") = "App.AppSysController", "Controllers\App.AppSysController\App.AppSysController.csproj", "{4D3D4E61-3DDC-4548-AB3E-04B8AD5FE155}"
EndProject
Project("{9A19103F-16F7-4668-BE54-9A1E7A4F7556}") = "App.AppSysDal", "Dal\App.AppSysDal\App.AppSysDal.csproj", "{925EE4CC-0784-4F70-A815-BAEF216E23A4}"
EndProject
Project("{9A19103F-16F7-4668-BE54-9A1E7A4F7556}") = "ErpCode.UserDal", "ErpCode.UserDal\ErpCode.UserDal.csproj", "{F4DFB65A-1229-44E7-BFF8-888E0C828FC4}"
EndProject
Project("{FAE04EC0-301F-11D3-BF4B-00C04F79EFBC}") = "LibAnalyzeScript", "LibAnalyzeScript\LibAnalyzeScript.csproj", "{BBED67E7-4F73-4F01-822D-4588B2CF82FA}"
EndProject
Global
	GlobalSection(SolutionConfigurationPlatforms) = preSolution
		Debug|Any CPU = Debug|Any CPU
		Release|Any CPU = Release|Any CPU
	EndGlobalSection
	GlobalSection(ProjectConfigurationPlatforms) = postSolution
		{100B77DA-8C50-44FB-9059-0C8EC01DA7AB}.Debug|Any CPU.ActiveCfg = Debug|Any CPU
		{100B77DA-8C50-44FB-9059-0C8EC01DA7AB}.Debug|Any CPU.Build.0 = Debug|Any CPU
		{100B77DA-8C50-44FB-9059-0C8EC01DA7AB}.Release|Any CPU.ActiveCfg = Release|Any CPU
		{100B77DA-8C50-44FB-9059-0C8EC01DA7AB}.Release|Any CPU.Build.0 = Release|Any CPU
		{C9F8A2B7-E0FB-4E51-91B0-34FFBE10036C}.Debug|Any CPU.ActiveCfg = Debug|Any CPU
		{C9F8A2B7-E0FB-4E51-91B0-34FFBE10036C}.Debug|Any CPU.Build.0 = Debug|Any CPU
		{C9F8A2B7-E0FB-4E51-91B0-34FFBE10036C}.Release|Any CPU.ActiveCfg = Release|Any CPU
		{C9F8A2B7-E0FB-4E51-91B0-34FFBE10036C}.Release|Any CPU.Build.0 = Release|Any CPU
		{9FA7ADB7-0BE2-4065-9FA0-138519CD121F}.Debug|Any CPU.ActiveCfg = Debug|Any CPU
		{9FA7ADB7-0BE2-4065-9FA0-138519CD121F}.Debug|Any CPU.Build.0 = Debug|Any CPU
		{9FA7ADB7-0BE2-4065-9FA0-138519CD121F}.Release|Any CPU.ActiveCfg = Release|Any CPU
		{9FA7ADB7-0BE2-4065-9FA0-138519CD121F}.Release|Any CPU.Build.0 = Release|Any CPU
		{A2CC7976-082D-4700-A798-F2B339E055D8}.Debug|Any CPU.ActiveCfg = Debug|Any CPU
		{A2CC7976-082D-4700-A798-F2B339E055D8}.Debug|Any CPU.Build.0 = Debug|Any CPU
		{A2CC7976-082D-4700-A798-F2B339E055D8}.Release|Any CPU.ActiveCfg = Release|Any CPU
		{A2CC7976-082D-4700-A798-F2B339E055D8}.Release|Any CPU.Build.0 = Release|Any CPU
		{2C94ADAF-0861-441C-A6F3-D51A606DFDC0}.Debug|Any CPU.ActiveCfg = Debug|Any CPU
		{2C94ADAF-0861-441C-A6F3-D51A606DFDC0}.Debug|Any CPU.Build.0 = Debug|Any CPU
		{2C94ADAF-0861-441C-A6F3-D51A606DFDC0}.Release|Any CPU.ActiveCfg = Release|Any CPU
		{2C94ADAF-0861-441C-A6F3-D51A606DFDC0}.Release|Any CPU.Build.0 = Release|Any CPU
		{396B5D89-875A-43C8-A042-72C3E70A471B}.Debug|Any CPU.ActiveCfg = Debug|Any CPU
		{396B5D89-875A-43C8-A042-72C3E70A471B}.Debug|Any CPU.Build.0 = Debug|Any CPU
		{396B5D89-875A-43C8-A042-72C3E70A471B}.Release|Any CPU.ActiveCfg = Release|Any CPU
		{396B5D89-875A-43C8-A042-72C3E70A471B}.Release|Any CPU.Build.0 = Release|Any CPU
		{C0F82CB8-3143-40A8-BA42-15B7ECEBD854}.Debug|Any CPU.ActiveCfg = Debug|Any CPU
		{C0F82CB8-3143-40A8-BA42-15B7ECEBD854}.Debug|Any CPU.Build.0 = Debug|Any CPU
		{C0F82CB8-3143-40A8-BA42-15B7ECEBD854}.Release|Any CPU.ActiveCfg = Release|Any CPU
		{C0F82CB8-3143-40A8-BA42-15B7ECEBD854}.Release|Any CPU.Build.0 = Release|Any CPU
		{962786DE-FB47-443D-A1C3-252BD1B9BF30}.Debug|Any CPU.ActiveCfg = Debug|Any CPU
		{962786DE-FB47-443D-A1C3-252BD1B9BF30}.Debug|Any CPU.Build.0 = Debug|Any CPU
		{962786DE-FB47-443D-A1C3-252BD1B9BF30}.Release|Any CPU.ActiveCfg = Release|Any CPU
		{962786DE-FB47-443D-A1C3-252BD1B9BF30}.Release|Any CPU.Build.0 = Release|Any CPU
		{712A269D-91D3-4679-9F70-CD47EE6FA816}.Debug|Any CPU.ActiveCfg = Debug|Any CPU
		{712A269D-91D3-4679-9F70-CD47EE6FA816}.Debug|Any CPU.Build.0 = Debug|Any CPU
		{712A269D-91D3-4679-9F70-CD47EE6FA816}.Release|Any CPU.ActiveCfg = Release|Any CPU
		{712A269D-91D3-4679-9F70-CD47EE6FA816}.Release|Any CPU.Build.0 = Release|Any CPU
		{D4A96CEC-128F-42BB-9CCB-C0FA9B0FB8A5}.Debug|Any CPU.ActiveCfg = Debug|Any CPU
		{D4A96CEC-128F-42BB-9CCB-C0FA9B0FB8A5}.Debug|Any CPU.Build.0 = Debug|Any CPU
		{D4A96CEC-128F-42BB-9CCB-C0FA9B0FB8A5}.Release|Any CPU.ActiveCfg = Release|Any CPU
		{D4A96CEC-128F-42BB-9CCB-C0FA9B0FB8A5}.Release|Any CPU.Build.0 = Release|Any CPU
		{5A4D6125-7330-4066-AAA4-034674201A4F}.Debug|Any CPU.ActiveCfg = Debug|Any CPU
		{5A4D6125-7330-4066-AAA4-034674201A4F}.Debug|Any CPU.Build.0 = Debug|Any CPU
		{5A4D6125-7330-4066-AAA4-034674201A4F}.Release|Any CPU.ActiveCfg = Release|Any CPU
		{5A4D6125-7330-4066-AAA4-034674201A4F}.Release|Any CPU.Build.0 = Release|Any CPU
		{24E29D7C-F54E-47A3-B7F9-16E423C4A8D4}.Debug|Any CPU.ActiveCfg = Debug|Any CPU
		{24E29D7C-F54E-47A3-B7F9-16E423C4A8D4}.Debug|Any CPU.Build.0 = Debug|Any CPU
		{24E29D7C-F54E-47A3-B7F9-16E423C4A8D4}.Release|Any CPU.ActiveCfg = Release|Any CPU
		{24E29D7C-F54E-47A3-B7F9-16E423C4A8D4}.Release|Any CPU.Build.0 = Release|Any CPU
		{0FAE2621-B9F9-4DBC-B9A7-759CFF595900}.Debug|Any CPU.ActiveCfg = Debug|Any CPU
		{0FAE2621-B9F9-4DBC-B9A7-759CFF595900}.Debug|Any CPU.Build.0 = Debug|Any CPU
		{0FAE2621-B9F9-4DBC-B9A7-759CFF595900}.Release|Any CPU.ActiveCfg = Release|Any CPU
		{0FAE2621-B9F9-4DBC-B9A7-759CFF595900}.Release|Any CPU.Build.0 = Release|Any CPU
		{F5E7488F-FD0A-45CF-9E36-DA316498B1F7}.Debug|Any CPU.ActiveCfg = Debug|Any CPU
		{F5E7488F-FD0A-45CF-9E36-DA316498B1F7}.Debug|Any CPU.Build.0 = Debug|Any CPU
		{F5E7488F-FD0A-45CF-9E36-DA316498B1F7}.Release|Any CPU.ActiveCfg = Release|Any CPU
		{F5E7488F-FD0A-45CF-9E36-DA316498B1F7}.Release|Any CPU.Build.0 = Release|Any CPU
		{F5FAD2F8-22AA-4070-85E3-EF2394E112C2}.Debug|Any CPU.ActiveCfg = Debug|Any CPU
		{F5FAD2F8-22AA-4070-85E3-EF2394E112C2}.Debug|Any CPU.Build.0 = Debug|Any CPU
		{F5FAD2F8-22AA-4070-85E3-EF2394E112C2}.Release|Any CPU.ActiveCfg = Release|Any CPU
		{F5FAD2F8-22AA-4070-85E3-EF2394E112C2}.Release|Any CPU.Build.0 = Release|Any CPU
		{21EF288F-6E91-4D88-A488-D33339E47CD9}.Debug|Any CPU.ActiveCfg = Debug|Any CPU
		{21EF288F-6E91-4D88-A488-D33339E47CD9}.Debug|Any CPU.Build.0 = Debug|Any CPU
		{21EF288F-6E91-4D88-A488-D33339E47CD9}.Release|Any CPU.ActiveCfg = Release|Any CPU
		{21EF288F-6E91-4D88-A488-D33339E47CD9}.Release|Any CPU.Build.0 = Release|Any CPU
		{1A715291-9144-469A-92A5-81919262F6DA}.Debug|Any CPU.ActiveCfg = Debug|Any CPU
		{1A715291-9144-469A-92A5-81919262F6DA}.Debug|Any CPU.Build.0 = Debug|Any CPU
		{1A715291-9144-469A-92A5-81919262F6DA}.Release|Any CPU.ActiveCfg = Release|Any CPU
		{1A715291-9144-469A-92A5-81919262F6DA}.Release|Any CPU.Build.0 = Release|Any CPU
		{515BC2BC-5309-4B50-BCCB-85BB4670F11E}.Debug|Any CPU.ActiveCfg = Debug|Any CPU
		{515BC2BC-5309-4B50-BCCB-85BB4670F11E}.Debug|Any CPU.Build.0 = Debug|Any CPU
		{515BC2BC-5309-4B50-BCCB-85BB4670F11E}.Release|Any CPU.ActiveCfg = Release|Any CPU
		{515BC2BC-5309-4B50-BCCB-85BB4670F11E}.Release|Any CPU.Build.0 = Release|Any CPU
		{BDA0AC50-9BC9-420E-8C76-E2C3D9C0B20B}.Debug|Any CPU.ActiveCfg = Debug|Any CPU
		{BDA0AC50-9BC9-420E-8C76-E2C3D9C0B20B}.Debug|Any CPU.Build.0 = Debug|Any CPU
		{BDA0AC50-9BC9-420E-8C76-E2C3D9C0B20B}.Release|Any CPU.ActiveCfg = Release|Any CPU
		{BDA0AC50-9BC9-420E-8C76-E2C3D9C0B20B}.Release|Any CPU.Build.0 = Release|Any CPU
		{4D3D4E61-3DDC-4548-AB3E-04B8AD5FE155}.Debug|Any CPU.ActiveCfg = Debug|Any CPU
		{4D3D4E61-3DDC-4548-AB3E-04B8AD5FE155}.Debug|Any CPU.Build.0 = Debug|Any CPU
		{4D3D4E61-3DDC-4548-AB3E-04B8AD5FE155}.Release|Any CPU.ActiveCfg = Release|Any CPU
		{4D3D4E61-3DDC-4548-AB3E-04B8AD5FE155}.Release|Any CPU.Build.0 = Release|Any CPU
		{925EE4CC-0784-4F70-A815-BAEF216E23A4}.Debug|Any CPU.ActiveCfg = Debug|Any CPU
		{925EE4CC-0784-4F70-A815-BAEF216E23A4}.Debug|Any CPU.Build.0 = Debug|Any CPU
		{925EE4CC-0784-4F70-A815-BAEF216E23A4}.Release|Any CPU.ActiveCfg = Release|Any CPU
		{925EE4CC-0784-4F70-A815-BAEF216E23A4}.Release|Any CPU.Build.0 = Release|Any CPU
		{F4DFB65A-1229-44E7-BFF8-888E0C828FC4}.Debug|Any CPU.ActiveCfg = Debug|Any CPU
		{F4DFB65A-1229-44E7-BFF8-888E0C828FC4}.Debug|Any CPU.Build.0 = Debug|Any CPU
		{F4DFB65A-1229-44E7-BFF8-888E0C828FC4}.Release|Any CPU.ActiveCfg = Release|Any CPU
		{F4DFB65A-1229-44E7-BFF8-888E0C828FC4}.Release|Any CPU.Build.0 = Release|Any CPU
		{BBED67E7-4F73-4F01-822D-4588B2CF82FA}.Debug|Any CPU.ActiveCfg = Debug|Any CPU
		{BBED67E7-4F73-4F01-822D-4588B2CF82FA}.Debug|Any CPU.Build.0 = Debug|Any CPU
		{BBED67E7-4F73-4F01-822D-4588B2CF82FA}.Release|Any CPU.ActiveCfg = Release|Any CPU
		{BBED67E7-4F73-4F01-822D-4588B2CF82FA}.Release|Any CPU.Build.0 = Release|Any CPU
	EndGlobalSection
	GlobalSection(SolutionProperties) = preSolution
		HideSolutionNode = FALSE
	EndGlobalSection
	GlobalSection(NestedProjects) = preSolution
		{C9F8A2B7-E0FB-4E51-91B0-34FFBE10036C} = {8C010359-6184-46C9-8359-A7F3EFA9B5B0}
		{9FA7ADB7-0BE2-4065-9FA0-138519CD121F} = {1F8F9DF3-F87E-4C35-AD2A-328DF582DE4B}
		{A2CC7976-082D-4700-A798-F2B339E055D8} = {1F8F9DF3-F87E-4C35-AD2A-328DF582DE4B}
		{2C94ADAF-0861-441C-A6F3-D51A606DFDC0} = {DE5F967F-6BF6-4674-BE7A-94B672EC2D19}
		{396B5D89-875A-43C8-A042-72C3E70A471B} = {DE5F967F-6BF6-4674-BE7A-94B672EC2D19}
		{C0F82CB8-3143-40A8-BA42-15B7ECEBD854} = {975B882E-CE6F-4505-AE93-FA3F05AFAAD8}
		{962786DE-FB47-443D-A1C3-252BD1B9BF30} = {975B882E-CE6F-4505-AE93-FA3F05AFAAD8}
		{712A269D-91D3-4679-9F70-CD47EE6FA816} = {DE5F967F-6BF6-4674-BE7A-94B672EC2D19}
		{D4A96CEC-128F-42BB-9CCB-C0FA9B0FB8A5} = {975B882E-CE6F-4505-AE93-FA3F05AFAAD8}
		{24E29D7C-F54E-47A3-B7F9-16E423C4A8D4} = {DE5F967F-6BF6-4674-BE7A-94B672EC2D19}
		{0FAE2621-B9F9-4DBC-B9A7-759CFF595900} = {975B882E-CE6F-4505-AE93-FA3F05AFAAD8}
		{F5E7488F-FD0A-45CF-9E36-DA316498B1F7} = {F338314B-DEF2-4534-A125-DB736CA6889A}
		{21EF288F-6E91-4D88-A488-D33339E47CD9} = {3B15F7A9-381E-4EF5-84F5-F65928D0D59D}
		{1A715291-9144-469A-92A5-81919262F6DA} = {3B15F7A9-381E-4EF5-84F5-F65928D0D59D}
		{515BC2BC-5309-4B50-BCCB-85BB4670F11E} = {7D739DF4-0455-42C8-8E66-0EAD2A2C75D2}
		{BDA0AC50-9BC9-420E-8C76-E2C3D9C0B20B} = {7D739DF4-0455-42C8-8E66-0EAD2A2C75D2}
		{4D3D4E61-3DDC-4548-AB3E-04B8AD5FE155} = {1B520A72-204C-46F3-9992-F14FEE005686}
		{925EE4CC-0784-4F70-A815-BAEF216E23A4} = {FC1A3DB9-3D95-4998-9A4B-C2DDB8B9EEDC}
		{F4DFB65A-1229-44E7-BFF8-888E0C828FC4} = {DE5F967F-6BF6-4674-BE7A-94B672EC2D19}
		{BBED67E7-4F73-4F01-822D-4588B2CF82FA} = {1F8F9DF3-F87E-4C35-AD2A-328DF582DE4B}
	EndGlobalSection
	GlobalSection(ExtensibilityGlobals) = postSolution
		SolutionGuid = {CA4D0DE9-1F22-40E6-AE05-B524A9008689}
	EndGlobalSection
EndGlobal
